// !$*UTF8*$!
{
	archiveVersion = 1;
	classes = {
	};
	objectVersion = 46;
	objects = {

/* Begin PBXBuildFile section */
		52064CBE1EEFFFF9004413B1 /* OMLoginViewController.swift in Sources */ = {isa = PBXBuildFile; fileRef = 52064CBD1EEFFFF9004413B1 /* OMLoginViewController.swift */; };
		52064CC01EF00A29004413B1 /* Constants.swift in Sources */ = {isa = PBXBuildFile; fileRef = 52064CBF1EF00A29004413B1 /* Constants.swift */; };
		52064CC21EF01F8E004413B1 /* HttpClient.swift in Sources */ = {isa = PBXBuildFile; fileRef = 52064CC11EF01F8E004413B1 /* HttpClient.swift */; };
		52064CC41EF063DB004413B1 /* HttpManager.swift in Sources */ = {isa = PBXBuildFile; fileRef = 52064CC31EF063DB004413B1 /* HttpManager.swift */; };
		52064CC61EF06D44004413B1 /* Utility.swift in Sources */ = {isa = PBXBuildFile; fileRef = 52064CC51EF06D44004413B1 /* Utility.swift */; };
		52064CC91EF1476A004413B1 /* MapKit.framework in Frameworks */ = {isa = PBXBuildFile; fileRef = 52064CC81EF1476A004413B1 /* MapKit.framework */; };
		52064CCB1EF14B73004413B1 /* OMMapViewController.swift in Sources */ = {isa = PBXBuildFile; fileRef = 52064CCA1EF14B73004413B1 /* OMMapViewController.swift */; };
		52064CCD1EF14B7C004413B1 /* OMListViewController.swift in Sources */ = {isa = PBXBuildFile; fileRef = 52064CCC1EF14B7C004413B1 /* OMListViewController.swift */; };
		52064CCF1EF14C1D004413B1 /* OMTabViewController.swift in Sources */ = {isa = PBXBuildFile; fileRef = 52064CCE1EF14C1D004413B1 /* OMTabViewController.swift */; };
		52064CD01EF14E5F004413B1 /* Main.storyboard in Resources */ = {isa = PBXBuildFile; fileRef = 522C29951EEE8F49008741FA /* Main.storyboard */; };
		522C29921EEE8F49008741FA /* AppDelegate.swift in Sources */ = {isa = PBXBuildFile; fileRef = 522C29911EEE8F49008741FA /* AppDelegate.swift */; };
		522C29991EEE8F49008741FA /* Assets.xcassets in Resources */ = {isa = PBXBuildFile; fileRef = 522C29981EEE8F49008741FA /* Assets.xcassets */; };
		522C299C1EEE8F49008741FA /* LaunchScreen.storyboard in Resources */ = {isa = PBXBuildFile; fileRef = 522C299A1EEE8F49008741FA /* LaunchScreen.storyboard */; };
		52EEBF6F1EF154670092FE43 /* StudentInformation.swift in Sources */ = {isa = PBXBuildFile; fileRef = 52EEBF6E1EF154670092FE43 /* StudentInformation.swift */; };
/* End PBXBuildFile section */

/* Begin PBXFileReference section */
		52064CBD1EEFFFF9004413B1 /* OMLoginViewController.swift */ = {isa = PBXFileReference; fileEncoding = 4; lastKnownFileType = sourcecode.swift; path = OMLoginViewController.swift; sourceTree = "<group>"; };
		52064CBF1EF00A29004413B1 /* Constants.swift */ = {isa = PBXFileReference; fileEncoding = 4; lastKnownFileType = sourcecode.swift; path = Constants.swift; sourceTree = "<group>"; };
		52064CC11EF01F8E004413B1 /* HttpClient.swift */ = {isa = PBXFileReference; fileEncoding = 4; lastKnownFileType = sourcecode.swift; path = HttpClient.swift; sourceTree = "<group>"; };
		52064CC31EF063DB004413B1 /* HttpManager.swift */ = {isa = PBXFileReference; fileEncoding = 4; lastKnownFileType = sourcecode.swift; path = HttpManager.swift; sourceTree = "<group>"; };
		52064CC51EF06D44004413B1 /* Utility.swift */ = {isa = PBXFileReference; fileEncoding = 4; lastKnownFileType = sourcecode.swift; path = Utility.swift; sourceTree = "<group>"; };
		52064CC81EF1476A004413B1 /* MapKit.framework */ = {isa = PBXFileReference; lastKnownFileType = wrapper.framework; name = MapKit.framework; path = System/Library/Frameworks/MapKit.framework; sourceTree = SDKROOT; };
		52064CCA1EF14B73004413B1 /* OMMapViewController.swift */ = {isa = PBXFileReference; fileEncoding = 4; lastKnownFileType = sourcecode.swift; path = OMMapViewController.swift; sourceTree = "<group>"; };
		52064CCC1EF14B7C004413B1 /* OMListViewController.swift */ = {isa = PBXFileReference; fileEncoding = 4; lastKnownFileType = sourcecode.swift; path = OMListViewController.swift; sourceTree = "<group>"; };
		52064CCE1EF14C1D004413B1 /* OMTabViewController.swift */ = {isa = PBXFileReference; fileEncoding = 4; lastKnownFileType = sourcecode.swift; path = OMTabViewController.swift; sourceTree = "<group>"; };
		522C298E1EEE8F49008741FA /* On the Map.app */ = {isa = PBXFileReference; explicitFileType = wrapper.application; includeInIndex = 0; path = "On the Map.app"; sourceTree = BUILT_PRODUCTS_DIR; };
		522C29911EEE8F49008741FA /* AppDelegate.swift */ = {isa = PBXFileReference; lastKnownFileType = sourcecode.swift; path = AppDelegate.swift; sourceTree = "<group>"; };
		522C29961EEE8F49008741FA /* Base */ = {isa = PBXFileReference; lastKnownFileType = file.storyboard; name = Base; path = Base.lproj/Main.storyboard; sourceTree = "<group>"; };
		522C29981EEE8F49008741FA /* Assets.xcassets */ = {isa = PBXFileReference; lastKnownFileType = folder.assetcatalog; path = Assets.xcassets; sourceTree = "<group>"; };
		522C299B1EEE8F49008741FA /* Base */ = {isa = PBXFileReference; lastKnownFileType = file.storyboard; name = Base; path = Base.lproj/LaunchScreen.storyboard; sourceTree = "<group>"; };
		522C299D1EEE8F49008741FA /* Info.plist */ = {isa = PBXFileReference; lastKnownFileType = text.plist.xml; path = Info.plist; sourceTree = "<group>"; };
		52EEBF6E1EF154670092FE43 /* StudentInformation.swift */ = {isa = PBXFileReference; fileEncoding = 4; lastKnownFileType = sourcecode.swift; path = StudentInformation.swift; sourceTree = "<group>"; };
/* End PBXFileReference section */

/* Begin PBXFrameworksBuildPhase section */
		522C298B1EEE8F49008741FA /* Frameworks */ = {
			isa = PBXFrameworksBuildPhase;
			buildActionMask = 2147483647;
			files = (
				52064CC91EF1476A004413B1 /* MapKit.framework in Frameworks */,
			);
			runOnlyForDeploymentPostprocessing = 0;
		};
/* End PBXFrameworksBuildPhase section */

/* Begin PBXGroup section */
		52064CB81EEFFF58004413B1 /* Resource */ = {
			isa = PBXGroup;
			children = (
				522C29951EEE8F49008741FA /* Main.storyboard */,
				522C29981EEE8F49008741FA /* Assets.xcassets */,
				522C299A1EEE8F49008741FA /* LaunchScreen.storyboard */,
			);
			name = Resource;
			sourceTree = "<group>";
		};
		52064CB91EEFFF66004413B1 /* Controller */ = {
			isa = PBXGroup;
			children = (
				52064CBD1EEFFFF9004413B1 /* OMLoginViewController.swift */,
				52064CCE1EF14C1D004413B1 /* OMTabViewController.swift */,
				52064CCA1EF14B73004413B1 /* OMMapViewController.swift */,
				52064CCC1EF14B7C004413B1 /* OMListViewController.swift */,
			);
			name = Controller;
			sourceTree = "<group>";
		};
		52064CBA1EEFFF71004413B1 /* Model */ = {
			isa = PBXGroup;
			children = (
				52064CBF1EF00A29004413B1 /* Constants.swift */,
				52064CC11EF01F8E004413B1 /* HttpClient.swift */,
				52064CC31EF063DB004413B1 /* HttpManager.swift */,
				52064CC51EF06D44004413B1 /* Utility.swift */,
				52EEBF6E1EF154670092FE43 /* StudentInformation.swift */,
			);
			name = Model;
			sourceTree = "<group>";
		};
		52064CBC1EEFFF7E004413B1 /* View */ = {
			isa = PBXGroup;
			children = (
			);
			name = View;
			sourceTree = "<group>";
		};
		52064CC71EF1476A004413B1 /* Frameworks */ = {
			isa = PBXGroup;
			children = (
				52064CC81EF1476A004413B1 /* MapKit.framework */,
			);
			name = Frameworks;
			sourceTree = "<group>";
		};
		522C29851EEE8F49008741FA = {
			isa = PBXGroup;
			children = (
				522C29901EEE8F49008741FA /* On the Map */,
				522C298F1EEE8F49008741FA /* Products */,
				52064CC71EF1476A004413B1 /* Frameworks */,
			);
			sourceTree = "<group>";
		};
		522C298F1EEE8F49008741FA /* Products */ = {
			isa = PBXGroup;
			children = (
				522C298E1EEE8F49008741FA /* On the Map.app */,
			);
			name = Products;
			sourceTree = "<group>";
		};
		522C29901EEE8F49008741FA /* On the Map */ = {
			isa = PBXGroup;
			children = (
				522C29911EEE8F49008741FA /* AppDelegate.swift */,
				52064CBC1EEFFF7E004413B1 /* View */,
				52064CBA1EEFFF71004413B1 /* Model */,
				52064CB91EEFFF66004413B1 /* Controller */,
				52064CB81EEFFF58004413B1 /* Resource */,
				522C299D1EEE8F49008741FA /* Info.plist */,
			);
			path = "On the Map";
			sourceTree = "<group>";
		};
/* End PBXGroup section */

/* Begin PBXNativeTarget section */
		522C298D1EEE8F49008741FA /* On the Map */ = {
			isa = PBXNativeTarget;
			buildConfigurationList = 522C29A01EEE8F49008741FA /* Build configuration list for PBXNativeTarget "On the Map" */;
			buildPhases = (
				522C298A1EEE8F49008741FA /* Sources */,
				522C298B1EEE8F49008741FA /* Frameworks */,
				522C298C1EEE8F49008741FA /* Resources */,
			);
			buildRules = (
			);
			dependencies = (
			);
			name = "On the Map";
			productName = "On the Map";
			productReference = 522C298E1EEE8F49008741FA /* On the Map.app */;
			productType = "com.apple.product-type.application";
		};
/* End PBXNativeTarget section */

/* Begin PBXProject section */
		522C29861EEE8F49008741FA /* Project object */ = {
			isa = PBXProject;
			attributes = {
				CLASSPREFIX = OM;
				LastSwiftUpdateCheck = 0830;
				LastUpgradeCheck = 0830;
				ORGANIZATIONNAME = Shyam;
				TargetAttributes = {
					522C298D1EEE8F49008741FA = {
						CreatedOnToolsVersion = 8.3.3;
						DevelopmentTeam = LTQJ3ZB4X8;
						ProvisioningStyle = Automatic;
					};
				};
			};
			buildConfigurationList = 522C29891EEE8F49008741FA /* Build configuration list for PBXProject "On the Map" */;
			compatibilityVersion = "Xcode 3.2";
			developmentRegion = English;
			hasScannedForEncodings = 0;
			knownRegions = (
				en,
				Base,
			);
			mainGroup = 522C29851EEE8F49008741FA;
			productRefGroup = 522C298F1EEE8F49008741FA /* Products */;
			projectDirPath = "";
			projectRoot = "";
			targets = (
				522C298D1EEE8F49008741FA /* On the Map */,
			);
		};
/* End PBXProject section */

/* Begin PBXResourcesBuildPhase section */
		522C298C1EEE8F49008741FA /* Resources */ = {
			isa = PBXResourcesBuildPhase;
			buildActionMask = 2147483647;
			files = (
				52064CD01EF14E5F004413B1 /* Main.storyboard in Resources */,
				522C299C1EEE8F49008741FA /* LaunchScreen.storyboard in Resources */,
				522C29991EEE8F49008741FA /* Assets.xcassets in Resources */,
			);
			runOnlyForDeploymentPostprocessing = 0;
		};
/* End PBXResourcesBuildPhase section */

/* Begin PBXSourcesBuildPhase section */
		522C298A1EEE8F49008741FA /* Sources */ = {
			isa = PBXSourcesBuildPhase;
			buildActionMask = 2147483647;
			files = (
				52064CCB1EF14B73004413B1 /* OMMapViewController.swift in Sources */,
				52064CC21EF01F8E004413B1 /* HttpClient.swift in Sources */,
				52064CCF1EF14C1D004413B1 /* OMTabViewController.swift in Sources */,
				52064CBE1EEFFFF9004413B1 /* OMLoginViewController.swift in Sources */,
				52064CC61EF06D44004413B1 /* Utility.swift in Sources */,
				52EEBF6F1EF154670092FE43 /* StudentInformation.swift in Sources */,
				52064CCD1EF14B7C004413B1 /* OMListViewController.swift in Sources */,
				52064CC41EF063DB004413B1 /* HttpManager.swift in Sources */,
				522C29921EEE8F49008741FA /* AppDelegate.swift in Sources */,
				52064CC01EF00A29004413B1 /* Constants.swift in Sources */,
			);
			runOnlyForDeploymentPostprocessing = 0;
		};
/* End PBXSourcesBuildPhase section */

/* Begin PBXVariantGroup section */
		522C29951EEE8F49008741FA /* Main.storyboard */ = {
			isa = PBXVariantGroup;
			children = (
				522C29961EEE8F49008741FA /* Base */,
			);
			name = Main.storyboard;
			sourceTree = "<group>";
		};
		522C299A1EEE8F49008741FA /* LaunchScreen.storyboard */ = {
			isa = PBXVariantGroup;
			children = (
				522C299B1EEE8F49008741FA /* Base */,
			);
			name = LaunchScreen.storyboard;
			sourceTree = "<group>";
		};
/* End PBXVariantGroup section */

/* Begin XCBuildConfiguration section */
		522C299E1EEE8F49008741FA /* Debug */ = {
			isa = XCBuildConfiguration;
			buildSettings = {
				ALWAYS_SEARCH_USER_PATHS = NO;
				CLANG_ANALYZER_NONNULL = YES;
				CLANG_ANALYZER_NUMBER_OBJECT_CONVERSION = YES_AGGRESSIVE;
				CLANG_CXX_LANGUAGE_STANDARD = "gnu++0x";
				CLANG_CXX_LIBRARY = "libc++";
				CLANG_ENABLE_MODULES = YES;
				CLANG_ENABLE_OBJC_ARC = YES;
				CLANG_WARN_BOOL_CONVERSION = YES;
				CLANG_WARN_CONSTANT_CONVERSION = YES;
				CLANG_WARN_DIRECT_OBJC_ISA_USAGE = YES_ERROR;
				CLANG_WARN_DOCUMENTATION_COMMENTS = YES;
				CLANG_WARN_EMPTY_BODY = YES;
				CLANG_WARN_ENUM_CONVERSION = YES;
				CLANG_WARN_INFINITE_RECURSION = YES;
				CLANG_WARN_INT_CONVERSION = YES;
				CLANG_WARN_OBJC_ROOT_CLASS = YES_ERROR;
				CLANG_WARN_SUSPICIOUS_MOVE = YES;
				CLANG_WARN_UNREACHABLE_CODE = YES;
				CLANG_WARN__DUPLICATE_METHOD_MATCH = YES;
				"CODE_SIGN_IDENTITY[sdk=iphoneos*]" = "iPhone Developer";
				COPY_PHASE_STRIP = NO;
				DEBUG_INFORMATION_FORMAT = dwarf;
				ENABLE_STRICT_OBJC_MSGSEND = YES;
				ENABLE_TESTABILITY = YES;
				GCC_C_LANGUAGE_STANDARD = gnu99;
				GCC_DYNAMIC_NO_PIC = NO;
				GCC_NO_COMMON_BLOCKS = YES;
				GCC_OPTIMIZATION_LEVEL = 0;
				GCC_PREPROCESSOR_DEFINITIONS = (
					"DEBUG=1",
					"$(inherited)",
				);
				GCC_WARN_64_TO_32_BIT_CONVERSION = YES;
				GCC_WARN_ABOUT_RETURN_TYPE = YES_ERROR;
				GCC_WARN_UNDECLARED_SELECTOR = YES;
				GCC_WARN_UNINITIALIZED_AUTOS = YES_AGGRESSIVE;
				GCC_WARN_UNUSED_FUNCTION = YES;
				GCC_WARN_UNUSED_VARIABLE = YES;
				IPHONEOS_DEPLOYMENT_TARGET = 10.3;
				MTL_ENABLE_DEBUG_INFO = YES;
				ONLY_ACTIVE_ARCH = YES;
				SDKROOT = iphoneos;
				SWIFT_ACTIVE_COMPILATION_CONDITIONS = DEBUG;
				SWIFT_OPTIMIZATION_LEVEL = "-Onone";
				TARGETED_DEVICE_FAMILY = "1,2";
			};
			name = Debug;
		};
		522C299F1EEE8F49008741FA /* Release */ = {
			isa = XCBuildConfiguration;
			buildSettings = {
				ALWAYS_SEARCH_USER_PATHS = NO;
				CLANG_ANALYZER_NONNULL = YES;
				CLANG_ANALYZER_NUMBER_OBJECT_CONVERSION = YES_AGGRESSIVE;
				CLANG_CXX_LANGUAGE_STANDARD = "gnu++0x";
				CLANG_CXX_LIBRARY = "libc++";
				CLANG_ENABLE_MODULES = YES;
				CLANG_ENABLE_OBJC_ARC = YES;
				CLANG_WARN_BOOL_CONVERSION = YES;
				CLANG_WARN_CONSTANT_CONVERSION = YES;
				CLANG_WARN_DIRECT_OBJC_ISA_USAGE = YES_ERROR;
				CLANG_WARN_DOCUMENTATION_COMMENTS = YES;
				CLANG_WARN_EMPTY_BODY = YES;
				CLANG_WARN_ENUM_CONVERSION = YES;
				CLANG_WARN_INFINITE_RECURSION = YES;
				CLANG_WARN_INT_CONVERSION = YES;
				CLANG_WARN_OBJC_ROOT_CLASS = YES_ERROR;
				CLANG_WARN_SUSPICIOUS_MOVE = YES;
				CLANG_WARN_UNREACHABLE_CODE = YES;
				CLANG_WARN__DUPLICATE_METHOD_MATCH = YES;
				"CODE_SIGN_IDENTITY[sdk=iphoneos*]" = "iPhone Developer";
				COPY_PHASE_STRIP = NO;
				DEBUG_INFORMATION_FORMAT = "dwarf-with-dsym";
				ENABLE_NS_ASSERTIONS = NO;
				ENABLE_STRICT_OBJC_MSGSEND = YES;
				GCC_C_LANGUAGE_STANDARD = gnu99;
				GCC_NO_COMMON_BLOCKS = YES;
				GCC_WARN_64_TO_32_BIT_CONVERSION = YES;
				GCC_WARN_ABOUT_RETURN_TYPE = YES_ERROR;
				GCC_WARN_UNDECLARED_SELECTOR = YES;
				GCC_WARN_UNINITIALIZED_AUTOS = YES_AGGRESSIVE;
				GCC_WARN_UNUSED_FUNCTION = YES;
				GCC_WARN_UNUSED_VARIABLE = YES;
				IPHONEOS_DEPLOYMENT_TARGET = 10.3;
				MTL_ENABLE_DEBUG_INFO = NO;
				SDKROOT = iphoneos;
				SWIFT_OPTIMIZATION_LEVEL = "-Owholemodule";
				TARGETED_DEVICE_FAMILY = "1,2";
				VALIDATE_PRODUCT = YES;
			};
			name = Release;
		};
		522C29A11EEE8F49008741FA /* Debug */ = {
			isa = XCBuildConfiguration;
			buildSettings = {
				ASSETCATALOG_COMPILER_APPICON_NAME = AppIcon;
				"CODE_SIGN_IDENTITY[sdk=iphoneos*]" = "iPhone Developer";
				DEVELOPMENT_TEAM = LTQJ3ZB4X8;
				INFOPLIST_FILE = "On the Map/Info.plist";
				LD_RUNPATH_SEARCH_PATHS = "$(inherited) @executable_path/Frameworks";
				PRODUCT_BUNDLE_IDENTIFIER = "com.shyam.On-the-Map";
				PRODUCT_NAME = "$(TARGET_NAME)";
				PROVISIONING_PROFILE_SPECIFIER = "";
				SWIFT_VERSION = 3.0;
			};
			name = Debug;
		};
		522C29A21EEE8F49008741FA /* Release */ = {
			isa = XCBuildConfiguration;
			buildSettings = {
				ASSETCATALOG_COMPILER_APPICON_NAME = AppIcon;
				"CODE_SIGN_IDENTITY[sdk=iphoneos*]" = "iPhone Developer";
				DEVELOPMENT_TEAM = LTQJ3ZB4X8;
				INFOPLIST_FILE = "On the Map/Info.plist";
				LD_RUNPATH_SEARCH_PATHS = "$(inherited) @executable_path/Frameworks";
				PRODUCT_BUNDLE_IDENTIFIER = "com.shyam.On-the-Map";
				PRODUCT_NAME = "$(TARGET_NAME)";
				PROVISIONING_PROFILE_SPECIFIER = "";
				SWIFT_VERSION = 3.0;
			};
			name = Release;
		};
/* End XCBuildConfiguration section */

/* Begin XCConfigurationList section */
		522C29891EEE8F49008741FA /* Build configuration list for PBXProject "On the Map" */ = {
			isa = XCConfigurationList;
			buildConfigurations = (
				522C299E1EEE8F49008741FA /* Debug */,
				522C299F1EEE8F49008741FA /* Release */,
			);
			defaultConfigurationIsVisible = 0;
			defaultConfigurationName = Release;
		};
		522C29A01EEE8F49008741FA /* Build configuration list for PBXNativeTarget "On the Map" */ = {
			isa = XCConfigurationList;
			buildConfigurations = (
				522C29A11EEE8F49008741FA /* Debug */,
				522C29A21EEE8F49008741FA /* Release */,
			);
			defaultConfigurationIsVisible = 0;
			defaultConfigurationName = Release;
		};
/* End XCConfigurationList section */
	};
	rootObject = 522C29861EEE8F49008741FA /* Project object */;
}
